
Microsoft Visual Studio Solution File, Format Version 12.00
# Visual Studio 2012
VisualStudioVersion = 12.0.31101.0
MinimumVisualStudioVersion = 10.0.40219.1
Project("{FAE04EC0-301F-11D3-BF4B-00C04F79EFBC}") = "BTProgressHUD", "BTProgressHUD\BTProgressHUD.csproj", "{8ECDFDC5-42D0-4540-9691-830EEB2ED874}"
EndProject
Project("{FAE04EC0-301F-11D3-BF4B-00C04F79EFBC}") = "BTProgressHUDDemo", "BTProgressHUDDemo\BTProgressHUDDemo.csproj", "{16422949-D0DE-4121-94BC-7942FCCDC3AC}"
EndProject
Global
	GlobalSection(SolutionConfigurationPlatforms) = preSolution
		Ad-Hoc|iPhone = Ad-Hoc|iPhone
		Ad-Hoc|iPhoneSimulator = Ad-Hoc|iPhoneSimulator
		AppStore|iPhone = AppStore|iPhone
		AppStore|iPhoneSimulator = AppStore|iPhoneSimulator
		Debug|iPhone = Debug|iPhone
		Debug|iPhoneSimulator = Debug|iPhoneSimulator
		Release|iPhone = Release|iPhone
		Release|iPhoneSimulator = Release|iPhoneSimulator
	EndGlobalSection
	GlobalSection(ProjectConfigurationPlatforms) = postSolution
		{8ECDFDC5-42D0-4540-9691-830EEB2ED874}.Ad-Hoc|iPhone.ActiveCfg = Release|Any CPU
		{8ECDFDC5-42D0-4540-9691-830EEB2ED874}.Ad-Hoc|iPhone.Build.0 = Release|Any CPU
		{8ECDFDC5-42D0-4540-9691-830EEB2ED874}.Ad-Hoc|iPhoneSimulator.ActiveCfg = Debug|Any CPU
		{8ECDFDC5-42D0-4540-9691-830EEB2ED874}.AppStore|iPhone.ActiveCfg = Release|Any CPU
		{8ECDFDC5-42D0-4540-9691-830EEB2ED874}.AppStore|iPhone.Build.0 = Release|Any CPU
		{8ECDFDC5-42D0-4540-9691-830EEB2ED874}.AppStore|iPhoneSimulator.ActiveCfg = Debug|Any CPU
		{8ECDFDC5-42D0-4540-9691-830EEB2ED874}.Debug|iPhone.ActiveCfg = Debug|Any CPU
		{8ECDFDC5-42D0-4540-9691-830EEB2ED874}.Debug|iPhone.Build.0 = Debug|Any CPU
		{8ECDFDC5-42D0-4540-9691-830EEB2ED874}.Debug|iPhoneSimulator.ActiveCfg = Debug|Any CPU
		{8ECDFDC5-42D0-4540-9691-830EEB2ED874}.Debug|iPhoneSimulator.Build.0 = Debug|Any CPU
		{8ECDFDC5-42D0-4540-9691-830EEB2ED874}.Release|iPhone.ActiveCfg = Release|Any CPU
		{8ECDFDC5-42D0-4540-9691-830EEB2ED874}.Release|iPhone.Build.0 = Release|Any CPU
		{8ECDFDC5-42D0-4540-9691-830EEB2ED874}.Release|iPhoneSimulator.ActiveCfg = Release|Any CPU
		{8ECDFDC5-42D0-4540-9691-830EEB2ED874}.Release|iPhoneSimulator.Build.0 = Release|Any CPU
		{16422949-D0DE-4121-94BC-7942FCCDC3AC}.Ad-Hoc|iPhone.ActiveCfg = Debug|iPhone
		{16422949-D0DE-4121-94BC-7942FCCDC3AC}.Ad-Hoc|iPhone.Build.0 = Debug|iPhone
		{16422949-D0DE-4121-94BC-7942FCCDC3AC}.Ad-Hoc|iPhoneSimulator.ActiveCfg = Debug|iPhoneSimulator
		{16422949-D0DE-4121-94BC-7942FCCDC3AC}.Ad-Hoc|iPhoneSimulator.Build.0 = Debug|iPhoneSimulator
		{16422949-D0DE-4121-94BC-7942FCCDC3AC}.AppStore|iPhone.ActiveCfg = Debug|iPhone
		{16422949-D0DE-4121-94BC-7942FCCDC3AC}.AppStore|iPhone.Build.0 = Debug|iPhone
		{16422949-D0DE-4121-94BC-7942FCCDC3AC}.AppStore|iPhoneSimulator.ActiveCfg = Debug|iPhoneSimulator
		{16422949-D0DE-4121-94BC-7942FCCDC3AC}.AppStore|iPhoneSimulator.Build.0 = Debug|iPhoneSimulator
		{16422949-D0DE-4121-94BC-7942FCCDC3AC}.Debug|iPhone.ActiveCfg = Debug|iPhone
		{16422949-D0DE-4121-94BC-7942FCCDC3AC}.Debug|iPhone.Build.0 = Debug|iPhone
		{16422949-D0DE-4121-94BC-7942FCCDC3AC}.Debug|iPhoneSimulator.ActiveCfg = Debug|iPhoneSimulator
		{16422949-D0DE-4121-94BC-7942FCCDC3AC}.Debug|iPhoneSimulator.Build.0 = Debug|iPhoneSimulator
		{16422949-D0DE-4121-94BC-7942FCCDC3AC}.Release|iPhone.ActiveCfg = Release|iPhone
		{16422949-D0DE-4121-94BC-7942FCCDC3AC}.Release|iPhone.Build.0 = Release|iPhone
		{16422949-D0DE-4121-94BC-7942FCCDC3AC}.Release|iPhoneSimulator.ActiveCfg = Release|iPhoneSimulator
		{16422949-D0DE-4121-94BC-7942FCCDC3AC}.Release|iPhoneSimulator.Build.0 = Release|iPhoneSimulator
	EndGlobalSection
	GlobalSection(SolutionProperties) = preSolution
		HideSolutionNode = FALSE
	EndGlobalSection
EndGlobal
